
Microsoft Visual Studio Solution File, Format Version 12.00
# Visual Studio 14
VisualStudioVersion = 14.0.24720.0
MinimumVisualStudioVersion = 10.0.40219.1
Project("{8BC9CEB8-8B4A-11D0-8D11-00A0C91BC942}") = "std-stringview", "std-stringview\std-stringview.vcxproj", "{556E4BEE-FA5D-4B8C-AD40-75570EBF5985}"
EndProject
Project("{8BC9CEB8-8B4A-11D0-8D11-00A0C91BC942}") = "std-regex", "std-regex\std-regex.vcxproj", "{9E9CEC12-DD4B-45BC-9A81-A0EEEA18AC2C}"
EndProject
Project("{8BC9CEB8-8B4A-11D0-8D11-00A0C91BC942}") = "lemon-7-functions", "lemon-7-functions\lemon-7-functions.vcxproj", "{6655448C-1D57-4C44-8EDF-4995C0D46D71}"
EndProject
Global
	GlobalSection(SolutionConfigurationPlatforms) = preSolution
		Debug|x64 = Debug|x64
		Debug|x86 = Debug|x86
		Release|x64 = Release|x64
		Release|x86 = Release|x86
	EndGlobalSection
	GlobalSection(ProjectConfigurationPlatforms) = postSolution
		{556E4BEE-FA5D-4B8C-AD40-75570EBF5985}.Debug|x64.ActiveCfg = Debug|x64
		{556E4BEE-FA5D-4B8C-AD40-75570EBF5985}.Debug|x64.Build.0 = Debug|x64
		{556E4BEE-FA5D-4B8C-AD40-75570EBF5985}.Debug|x86.ActiveCfg = Debug|Win32
		{556E4BEE-FA5D-4B8C-AD40-75570EBF5985}.Debug|x86.Build.0 = Debug|Win32
		{556E4BEE-FA5D-4B8C-AD40-75570EBF5985}.Release|x64.ActiveCfg = Release|x64
		{556E4BEE-FA5D-4B8C-AD40-75570EBF5985}.Release|x64.Build.0 = Release|x64
		{556E4BEE-FA5D-4B8C-AD40-75570EBF5985}.Release|x86.ActiveCfg = Release|Win32
		{556E4BEE-FA5D-4B8C-AD40-75570EBF5985}.Release|x86.Build.0 = Release|Win32
		{9E9CEC12-DD4B-45BC-9A81-A0EEEA18AC2C}.Debug|x64.ActiveCfg = Debug|x64
		{9E9CEC12-DD4B-45BC-9A81-A0EEEA18AC2C}.Debug|x64.Build.0 = Debug|x64
		{9E9CEC12-DD4B-45BC-9A81-A0EEEA18AC2C}.Debug|x86.ActiveCfg = Debug|Win32
		{9E9CEC12-DD4B-45BC-9A81-A0EEEA18AC2C}.Debug|x86.Build.0 = Debug|Win32
		{9E9CEC12-DD4B-45BC-9A81-A0EEEA18AC2C}.Release|x64.ActiveCfg = Release|x64
		{9E9CEC12-DD4B-45BC-9A81-A0EEEA18AC2C}.Release|x64.Build.0 = Release|x64
		{9E9CEC12-DD4B-45BC-9A81-A0EEEA18AC2C}.Release|x86.ActiveCfg = Release|Win32
		{9E9CEC12-DD4B-45BC-9A81-A0EEEA18AC2C}.Release|x86.Build.0 = Release|Win32
		{6655448C-1D57-4C44-8EDF-4995C0D46D71}.Debug|x64.ActiveCfg = Debug|x64
		{6655448C-1D57-4C44-8EDF-4995C0D46D71}.Debug|x64.Build.0 = Debug|x64
		{6655448C-1D57-4C44-8EDF-4995C0D46D71}.Debug|x86.ActiveCfg = Debug|Win32
		{6655448C-1D57-4C44-8EDF-4995C0D46D71}.Debug|x86.Build.0 = Debug|Win32
		{6655448C-1D57-4C44-8EDF-4995C0D46D71}.Release|x64.ActiveCfg = Release|x64
		{6655448C-1D57-4C44-8EDF-4995C0D46D71}.Release|x64.Build.0 = Release|x64
		{6655448C-1D57-4C44-8EDF-4995C0D46D71}.Release|x86.ActiveCfg = Release|Win32
		{6655448C-1D57-4C44-8EDF-4995C0D46D71}.Release|x86.Build.0 = Release|Win32
	EndGlobalSection
	GlobalSection(SolutionProperties) = preSolution
		HideSolutionNode = FALSE
	EndGlobalSection
EndGlobal
